// !$*UTF8*$!
{
	archiveVersion = 1;
	classes = {
	};
	objectVersion = 50;
	objects = {

/* Begin PBXBuildFile section */
		46DF917D2251FFC300DCB733 /* AppDelegate.swift in Sources */ = {isa = PBXBuildFile; fileRef = 46DF917C2251FFC300DCB733 /* AppDelegate.swift */; };
		46DF91822251FFC300DCB733 /* Main.storyboard in Resources */ = {isa = PBXBuildFile; fileRef = 46DF91802251FFC300DCB733 /* Main.storyboard */; };
		46DF91842251FFC400DCB733 /* Assets.xcassets in Resources */ = {isa = PBXBuildFile; fileRef = 46DF91832251FFC400DCB733 /* Assets.xcassets */; };
		46DF91872251FFC400DCB733 /* LaunchScreen.storyboard in Resources */ = {isa = PBXBuildFile; fileRef = 46DF91852251FFC400DCB733 /* LaunchScreen.storyboard */; };
		46DF91922251FFC400DCB733 /* ScratchDemoTests.swift in Sources */ = {isa = PBXBuildFile; fileRef = 46DF91912251FFC400DCB733 /* ScratchDemoTests.swift */; };
		46DF919D2251FFC400DCB733 /* ScratchDemoUITests.swift in Sources */ = {isa = PBXBuildFile; fileRef = 46DF919C2251FFC400DCB733 /* ScratchDemoUITests.swift */; };
		46DF91AF2252003400DCB733 /* SLScratchCardView.swift in Sources */ = {isa = PBXBuildFile; fileRef = 46DF91AD2252003400DCB733 /* SLScratchCardView.swift */; };
		46DF91B02252003400DCB733 /* SLScratchMask.swift in Sources */ = {isa = PBXBuildFile; fileRef = 46DF91AE2252003400DCB733 /* SLScratchMask.swift */; };
		46DF91B2225206AF00DCB733 /* ViewController.swift in Sources */ = {isa = PBXBuildFile; fileRef = 46DF91B1225206AF00DCB733 /* ViewController.swift */; };
		7F99837BC2B9C4CFAAD3654E /* Pods_ScratchDemo.framework in Frameworks */ = {isa = PBXBuildFile; fileRef = CE988F859E77F3CB2CA04AB6 /* Pods_ScratchDemo.framework */; };
/* End PBXBuildFile section */

/* Begin PBXContainerItemProxy section */
		46DF918E2251FFC400DCB733 /* PBXContainerItemProxy */ = {
			isa = PBXContainerItemProxy;
			containerPortal = 46DF91712251FFC200DCB733 /* Project object */;
			proxyType = 1;
			remoteGlobalIDString = 46DF91782251FFC300DCB733;
			remoteInfo = ScratchDemo;
		};
		46DF91992251FFC400DCB733 /* PBXContainerItemProxy */ = {
			isa = PBXContainerItemProxy;
			containerPortal = 46DF91712251FFC200DCB733 /* Project object */;
			proxyType = 1;
			remoteGlobalIDString = 46DF91782251FFC300DCB733;
			remoteInfo = ScratchDemo;
		};
/* End PBXContainerItemProxy section */

/* Begin PBXFileReference section */
		0119AA13C4282754F5895BB1 /* Pods-ScratchDemo.debug.xcconfig */ = {isa = PBXFileReference; includeInIndex = 1; lastKnownFileType = text.xcconfig; name = "Pods-ScratchDemo.debug.xcconfig"; path = "Pods/Target Support Files/Pods-ScratchDemo/Pods-ScratchDemo.debug.xcconfig"; sourceTree = "<group>"; };
		087649B645ACF246E469542F /* Pods-ScratchDemo.release.xcconfig */ = {isa = PBXFileReference; includeInIndex = 1; lastKnownFileType = text.xcconfig; name = "Pods-ScratchDemo.release.xcconfig"; path = "Pods/Target Support Files/Pods-ScratchDemo/Pods-ScratchDemo.release.xcconfig"; sourceTree = "<group>"; };
		46DF91792251FFC300DCB733 /* ScratchDemo.app */ = {isa = PBXFileReference; explicitFileType = wrapper.application; includeInIndex = 0; path = ScratchDemo.app; sourceTree = BUILT_PRODUCTS_DIR; };
		46DF917C2251FFC300DCB733 /* AppDelegate.swift */ = {isa = PBXFileReference; lastKnownFileType = sourcecode.swift; path = AppDelegate.swift; sourceTree = "<group>"; };
		46DF91812251FFC300DCB733 /* Base */ = {isa = PBXFileReference; lastKnownFileType = file.storyboard; name = Base; path = Base.lproj/Main.storyboard; sourceTree = "<group>"; };
		46DF91832251FFC400DCB733 /* Assets.xcassets */ = {isa = PBXFileReference; lastKnownFileType = folder.assetcatalog; path = Assets.xcassets; sourceTree = "<group>"; };
		46DF91862251FFC400DCB733 /* Base */ = {isa = PBXFileReference; lastKnownFileType = file.storyboard; name = Base; path = Base.lproj/LaunchScreen.storyboard; sourceTree = "<group>"; };
		46DF91882251FFC400DCB733 /* Info.plist */ = {isa = PBXFileReference; lastKnownFileType = text.plist.xml; path = Info.plist; sourceTree = "<group>"; };
		46DF918D2251FFC400DCB733 /* ScratchDemoTests.xctest */ = {isa = PBXFileReference; explicitFileType = wrapper.cfbundle; includeInIndex = 0; path = ScratchDemoTests.xctest; sourceTree = BUILT_PRODUCTS_DIR; };
		46DF91912251FFC400DCB733 /* ScratchDemoTests.swift */ = {isa = PBXFileReference; lastKnownFileType = sourcecode.swift; path = ScratchDemoTests.swift; sourceTree = "<group>"; };
		46DF91932251FFC400DCB733 /* Info.plist */ = {isa = PBXFileReference; lastKnownFileType = text.plist.xml; path = Info.plist; sourceTree = "<group>"; };
		46DF91982251FFC400DCB733 /* ScratchDemoUITests.xctest */ = {isa = PBXFileReference; explicitFileType = wrapper.cfbundle; includeInIndex = 0; path = ScratchDemoUITests.xctest; sourceTree = BUILT_PRODUCTS_DIR; };
		46DF919C2251FFC400DCB733 /* ScratchDemoUITests.swift */ = {isa = PBXFileReference; lastKnownFileType = sourcecode.swift; path = ScratchDemoUITests.swift; sourceTree = "<group>"; };
		46DF919E2251FFC400DCB733 /* Info.plist */ = {isa = PBXFileReference; lastKnownFileType = text.plist.xml; path = Info.plist; sourceTree = "<group>"; };
		46DF91AD2252003400DCB733 /* SLScratchCardView.swift */ = {isa = PBXFileReference; fileEncoding = 4; lastKnownFileType = sourcecode.swift; path = SLScratchCardView.swift; sourceTree = "<group>"; };
		46DF91AE2252003400DCB733 /* SLScratchMask.swift */ = {isa = PBXFileReference; fileEncoding = 4; lastKnownFileType = sourcecode.swift; path = SLScratchMask.swift; sourceTree = "<group>"; };
		46DF91B1225206AF00DCB733 /* ViewController.swift */ = {isa = PBXFileReference; fileEncoding = 4; lastKnownFileType = sourcecode.swift; path = ViewController.swift; sourceTree = SOURCE_ROOT; };
		CE988F859E77F3CB2CA04AB6 /* Pods_ScratchDemo.framework */ = {isa = PBXFileReference; explicitFileType = wrapper.framework; includeInIndex = 0; path = Pods_ScratchDemo.framework; sourceTree = BUILT_PRODUCTS_DIR; };
/* End PBXFileReference section */

/* Begin PBXFrameworksBuildPhase section */
		46DF91762251FFC300DCB733 /* Frameworks */ = {
			isa = PBXFrameworksBuildPhase;
			buildActionMask = 2147483647;
			files = (
				7F99837BC2B9C4CFAAD3654E /* Pods_ScratchDemo.framework in Frameworks */,
			);
			runOnlyForDeploymentPostprocessing = 0;
		};
		46DF918A2251FFC400DCB733 /* Frameworks */ = {
			isa = PBXFrameworksBuildPhase;
			buildActionMask = 2147483647;
			files = (
			);
			runOnlyForDeploymentPostprocessing = 0;
		};
		46DF91952251FFC400DCB733 /* Frameworks */ = {
			isa = PBXFrameworksBuildPhase;
			buildActionMask = 2147483647;
			files = (
			);
			runOnlyForDeploymentPostprocessing = 0;
		};
/* End PBXFrameworksBuildPhase section */

/* Begin PBXGroup section */
		1E120C1B10E4DF33EA4B88A6 /* Pods */ = {
			isa = PBXGroup;
			children = (
				0119AA13C4282754F5895BB1 /* Pods-ScratchDemo.debug.xcconfig */,
				087649B645ACF246E469542F /* Pods-ScratchDemo.release.xcconfig */,
			);
			name = Pods;
			sourceTree = "<group>";
		};
		46DF91702251FFC200DCB733 = {
			isa = PBXGroup;
			children = (
				46DF917B2251FFC300DCB733 /* ScratchDemo */,
				46DF91902251FFC400DCB733 /* ScratchDemoTests */,
				46DF919B2251FFC400DCB733 /* ScratchDemoUITests */,
				46DF917A2251FFC300DCB733 /* Products */,
				1E120C1B10E4DF33EA4B88A6 /* Pods */,
				F48A7085C63D147E1E5384E0 /* Frameworks */,
			);
			sourceTree = "<group>";
		};
		46DF917A2251FFC300DCB733 /* Products */ = {
			isa = PBXGroup;
			children = (
				46DF91792251FFC300DCB733 /* ScratchDemo.app */,
				46DF918D2251FFC400DCB733 /* ScratchDemoTests.xctest */,
				46DF91982251FFC400DCB733 /* ScratchDemoUITests.xctest */,
			);
			name = Products;
			sourceTree = "<group>";
		};
		46DF917B2251FFC300DCB733 /* ScratchDemo */ = {
			isa = PBXGroup;
			children = (
				46DF91AC2252003400DCB733 /* Scratch */,
				46DF917C2251FFC300DCB733 /* AppDelegate.swift */,
				46DF91B1225206AF00DCB733 /* ViewController.swift */,
				46DF91802251FFC300DCB733 /* Main.storyboard */,
				46DF91832251FFC400DCB733 /* Assets.xcassets */,
				46DF91852251FFC400DCB733 /* LaunchScreen.storyboard */,
				46DF91882251FFC400DCB733 /* Info.plist */,
			);
			path = ScratchDemo;
			sourceTree = "<group>";
		};
		46DF91902251FFC400DCB733 /* ScratchDemoTests */ = {
			isa = PBXGroup;
			children = (
				46DF91912251FFC400DCB733 /* ScratchDemoTests.swift */,
				46DF91932251FFC400DCB733 /* Info.plist */,
			);
			path = ScratchDemoTests;
			sourceTree = "<group>";
		};
		46DF919B2251FFC400DCB733 /* ScratchDemoUITests */ = {
			isa = PBXGroup;
			children = (
				46DF919C2251FFC400DCB733 /* ScratchDemoUITests.swift */,
				46DF919E2251FFC400DCB733 /* Info.plist */,
			);
			path = ScratchDemoUITests;
			sourceTree = "<group>";
		};
		46DF91AC2252003400DCB733 /* Scratch */ = {
			isa = PBXGroup;
			children = (
				46DF91AD2252003400DCB733 /* SLScratchCardView.swift */,
				46DF91AE2252003400DCB733 /* SLScratchMask.swift */,
			);
			path = Scratch;
			sourceTree = "<group>";
		};
		F48A7085C63D147E1E5384E0 /* Frameworks */ = {
			isa = PBXGroup;
			children = (
				CE988F859E77F3CB2CA04AB6 /* Pods_ScratchDemo.framework */,
			);
			name = Frameworks;
			sourceTree = "<group>";
		};
/* End PBXGroup section */

/* Begin PBXNativeTarget section */
		46DF91782251FFC300DCB733 /* ScratchDemo */ = {
			isa = PBXNativeTarget;
			buildConfigurationList = 46DF91A12251FFC400DCB733 /* Build configuration list for PBXNativeTarget "ScratchDemo" */;
			buildPhases = (
				1591EBA5A54297E40A1FABD0 /* [CP] Check Pods Manifest.lock */,
				46DF91752251FFC300DCB733 /* Sources */,
				46DF91762251FFC300DCB733 /* Frameworks */,
				46DF91772251FFC300DCB733 /* Resources */,
				D49F0C10A7145874A1A659FB /* [CP] Embed Pods Frameworks */,
			);
			buildRules = (
			);
			dependencies = (
			);
			name = ScratchDemo;
			productName = ScratchDemo;
			productReference = 46DF91792251FFC300DCB733 /* ScratchDemo.app */;
			productType = "com.apple.product-type.application";
		};
		46DF918C2251FFC400DCB733 /* ScratchDemoTests */ = {
			isa = PBXNativeTarget;
			buildConfigurationList = 46DF91A42251FFC400DCB733 /* Build configuration list for PBXNativeTarget "ScratchDemoTests" */;
			buildPhases = (
				46DF91892251FFC400DCB733 /* Sources */,
				46DF918A2251FFC400DCB733 /* Frameworks */,
				46DF918B2251FFC400DCB733 /* Resources */,
			);
			buildRules = (
			);
			dependencies = (
				46DF918F2251FFC400DCB733 /* PBXTargetDependency */,
			);
			name = ScratchDemoTests;
			productName = ScratchDemoTests;
			productReference = 46DF918D2251FFC400DCB733 /* ScratchDemoTests.xctest */;
			productType = "com.apple.product-type.bundle.unit-test";
		};
		46DF91972251FFC400DCB733 /* ScratchDemoUITests */ = {
			isa = PBXNativeTarget;
			buildConfigurationList = 46DF91A72251FFC400DCB733 /* Build configuration list for PBXNativeTarget "ScratchDemoUITests" */;
			buildPhases = (
				46DF91942251FFC400DCB733 /* Sources */,
				46DF91952251FFC400DCB733 /* Frameworks */,
				46DF91962251FFC400DCB733 /* Resources */,
			);
			buildRules = (
			);
			dependencies = (
				46DF919A2251FFC400DCB733 /* PBXTargetDependency */,
			);
			name = ScratchDemoUITests;
			productName = ScratchDemoUITests;
			productReference = 46DF91982251FFC400DCB733 /* ScratchDemoUITests.xctest */;
			productType = "com.apple.product-type.bundle.ui-testing";
		};
/* End PBXNativeTarget section */

/* Begin PBXProject section */
		46DF91712251FFC200DCB733 /* Project object */ = {
			isa = PBXProject;
			attributes = {
				LastSwiftUpdateCheck = 1010;
				LastUpgradeCheck = 1010;
				ORGANIZATIONNAME = skillLan;
				TargetAttributes = {
					46DF91782251FFC300DCB733 = {
						CreatedOnToolsVersion = 10.1;
					};
					46DF918C2251FFC400DCB733 = {
						CreatedOnToolsVersion = 10.1;
						TestTargetID = 46DF91782251FFC300DCB733;
					};
					46DF91972251FFC400DCB733 = {
						CreatedOnToolsVersion = 10.1;
						TestTargetID = 46DF91782251FFC300DCB733;
					};
				};
			};
			buildConfigurationList = 46DF91742251FFC200DCB733 /* Build configuration list for PBXProject "ScratchDemo" */;
			compatibilityVersion = "Xcode 9.3";
			developmentRegion = en;
			hasScannedForEncodings = 0;
			knownRegions = (
				en,
				Base,
			);
			mainGroup = 46DF91702251FFC200DCB733;
			productRefGroup = 46DF917A2251FFC300DCB733 /* Products */;
			projectDirPath = "";
			projectRoot = "";
			targets = (
				46DF91782251FFC300DCB733 /* ScratchDemo */,
				46DF918C2251FFC400DCB733 /* ScratchDemoTests */,
				46DF91972251FFC400DCB733 /* ScratchDemoUITests */,
			);
		};
/* End PBXProject section */

/* Begin PBXResourcesBuildPhase section */
		46DF91772251FFC300DCB733 /* Resources */ = {
			isa = PBXResourcesBuildPhase;
			buildActionMask = 2147483647;
			files = (
				46DF91872251FFC400DCB733 /* LaunchScreen.storyboard in Resources */,
				46DF91842251FFC400DCB733 /* Assets.xcassets in Resources */,
				46DF91822251FFC300DCB733 /* Main.storyboard in Resources */,
			);
			runOnlyForDeploymentPostprocessing = 0;
		};
		46DF918B2251FFC400DCB733 /* Resources */ = {
			isa = PBXResourcesBuildPhase;
			buildActionMask = 2147483647;
			files = (
			);
			runOnlyForDeploymentPostprocessing = 0;
		};
		46DF91962251FFC400DCB733 /* Resources */ = {
			isa = PBXResourcesBuildPhase;
			buildActionMask = 2147483647;
			files = (
			);
			runOnlyForDeploymentPostprocessing = 0;
		};
/* End PBXResourcesBuildPhase section */

/* Begin PBXShellScriptBuildPhase section */
		1591EBA5A54297E40A1FABD0 /* [CP] Check Pods Manifest.lock */ = {
			isa = PBXShellScriptBuildPhase;
			buildActionMask = 2147483647;
			files = (
			);
			inputPaths = (
				"${PODS_PODFILE_DIR_PATH}/Podfile.lock",
				"${PODS_ROOT}/Manifest.lock",
			);
			name = "[CP] Check Pods Manifest.lock";
			outputPaths = (
				"$(DERIVED_FILE_DIR)/Pods-ScratchDemo-checkManifestLockResult.txt",
			);
			runOnlyForDeploymentPostprocessing = 0;
			shellPath = /bin/sh;
			shellScript = "diff \"${PODS_PODFILE_DIR_PATH}/Podfile.lock\" \"${PODS_ROOT}/Manifest.lock\" > /dev/null\nif [ $? != 0 ] ; then\n    # print error to STDERR\n    echo \"error: The sandbox is not in sync with the Podfile.lock. Run 'pod install' or update your CocoaPods installation.\" >&2\n    exit 1\nfi\n# This output is used by Xcode 'outputs' to avoid re-running this script phase.\necho \"SUCCESS\" > \"${SCRIPT_OUTPUT_FILE_0}\"\n";
			showEnvVarsInLog = 0;
		};
		D49F0C10A7145874A1A659FB /* [CP] Embed Pods Frameworks */ = {
			isa = PBXShellScriptBuildPhase;
			buildActionMask = 2147483647;
			files = (
			);
			inputPaths = (
				"${SRCROOT}/Pods/Target Support Files/Pods-ScratchDemo/Pods-ScratchDemo-frameworks.sh",
				"${BUILT_PRODUCTS_DIR}/SnapKit/SnapKit.framework",
			);
			name = "[CP] Embed Pods Frameworks";
			outputPaths = (
				"${TARGET_BUILD_DIR}/${FRAMEWORKS_FOLDER_PATH}/SnapKit.framework",
			);
			runOnlyForDeploymentPostprocessing = 0;
			shellPath = /bin/sh;
			shellScript = "\"${SRCROOT}/Pods/Target Support Files/Pods-ScratchDemo/Pods-ScratchDemo-frameworks.sh\"\n";
			showEnvVarsInLog = 0;
		};
/* End PBXShellScriptBuildPhase section */

/* Begin PBXSourcesBuildPhase section */
		46DF91752251FFC300DCB733 /* Sources */ = {
			isa = PBXSourcesBuildPhase;
			buildActionMask = 2147483647;
			files = (
				46DF91B02252003400DCB733 /* SLScratchMask.swift in Sources */,
				46DF917D2251FFC300DCB733 /* AppDelegate.swift in Sources */,
				46DF91B2225206AF00DCB733 /* ViewController.swift in Sources */,
				46DF91AF2252003400DCB733 /* SLScratchCardView.swift in Sources */,
			);
			runOnlyForDeploymentPostprocessing = 0;
		};
		46DF91892251FFC400DCB733 /* Sources */ = {
			isa = PBXSourcesBuildPhase;
			buildActionMask = 2147483647;
			files = (
				46DF91922251FFC400DCB733 /* ScratchDemoTests.swift in Sources */,
			);
			runOnlyForDeploymentPostprocessing = 0;
		};
		46DF91942251FFC400DCB733 /* Sources */ = {
			isa = PBXSourcesBuildPhase;
			buildActionMask = 2147483647;
			files = (
				46DF919D2251FFC400DCB733 /* ScratchDemoUITests.swift in Sources */,
			);
			runOnlyForDeploymentPostprocessing = 0;
		};
/* End PBXSourcesBuildPhase section */

/* Begin PBXTargetDependency section */
		46DF918F2251FFC400DCB733 /* PBXTargetDependency */ = {
			isa = PBXTargetDependency;
			target = 46DF91782251FFC300DCB733 /* ScratchDemo */;
			targetProxy = 46DF918E2251FFC400DCB733 /* PBXContainerItemProxy */;
		};
		46DF919A2251FFC400DCB733 /* PBXTargetDependency */ = {
			isa = PBXTargetDependency;
			target = 46DF91782251FFC300DCB733 /* ScratchDemo */;
			targetProxy = 46DF91992251FFC400DCB733 /* PBXContainerItemProxy */;
		};
/* End PBXTargetDependency section */

/* Begin PBXVariantGroup section */
		46DF91802251FFC300DCB733 /* Main.storyboard */ = {
			isa = PBXVariantGroup;
			children = (
				46DF91812251FFC300DCB733 /* Base */,
			);
			name = Main.storyboard;
			sourceTree = "<group>";
		};
		46DF91852251FFC400DCB733 /* LaunchScreen.storyboard */ = {
			isa = PBXVariantGroup;
			children = (
				46DF91862251FFC400DCB733 /* Base */,
			);
			name = LaunchScreen.storyboard;
			sourceTree = "<group>";
		};
/* End PBXVariantGroup section */

/* Begin XCBuildConfiguration section */
		46DF919F2251FFC400DCB733 /* Debug */ = {
			isa = XCBuildConfiguration;
			buildSettings = {
				ALWAYS_SEARCH_USER_PATHS = NO;
				CLANG_ANALYZER_NONNULL = YES;
				CLANG_ANALYZER_NUMBER_OBJECT_CONVERSION = YES_AGGRESSIVE;
				CLANG_CXX_LANGUAGE_STANDARD = "gnu++14";
				CLANG_CXX_LIBRARY = "libc++";
				CLANG_ENABLE_MODULES = YES;
				CLANG_ENABLE_OBJC_ARC = YES;
				CLANG_ENABLE_OBJC_WEAK = YES;
				CLANG_WARN_BLOCK_CAPTURE_AUTORELEASING = YES;
				CLANG_WARN_BOOL_CONVERSION = YES;
				CLANG_WARN_COMMA = YES;
				CLANG_WARN_CONSTANT_CONVERSION = YES;
				CLANG_WARN_DEPRECATED_OBJC_IMPLEMENTATIONS = YES;
				CLANG_WARN_DIRECT_OBJC_ISA_USAGE = YES_ERROR;
				CLANG_WARN_DOCUMENTATION_COMMENTS = YES;
				CLANG_WARN_EMPTY_BODY = YES;
				CLANG_WARN_ENUM_CONVERSION = YES;
				CLANG_WARN_INFINITE_RECURSION = YES;
				CLANG_WARN_INT_CONVERSION = YES;
				CLANG_WARN_NON_LITERAL_NULL_CONVERSION = YES;
				CLANG_WARN_OBJC_IMPLICIT_RETAIN_SELF = YES;
				CLANG_WARN_OBJC_LITERAL_CONVERSION = YES;
				CLANG_WARN_OBJC_ROOT_CLASS = YES_ERROR;
				CLANG_WARN_RANGE_LOOP_ANALYSIS = YES;
				CLANG_WARN_STRICT_PROTOTYPES = YES;
				CLANG_WARN_SUSPICIOUS_MOVE = YES;
				CLANG_WARN_UNGUARDED_AVAILABILITY = YES_AGGRESSIVE;
				CLANG_WARN_UNREACHABLE_CODE = YES;
				CLANG_WARN__DUPLICATE_METHOD_MATCH = YES;
				CODE_SIGN_IDENTITY = "iPhone Developer";
				COPY_PHASE_STRIP = NO;
				DEBUG_INFORMATION_FORMAT = dwarf;
				ENABLE_STRICT_OBJC_MSGSEND = YES;
				ENABLE_TESTABILITY = YES;
				GCC_C_LANGUAGE_STANDARD = gnu11;
				GCC_DYNAMIC_NO_PIC = NO;
				GCC_NO_COMMON_BLOCKS = YES;
				GCC_OPTIMIZATION_LEVEL = 0;
				GCC_PREPROCESSOR_DEFINITIONS = (
					"DEBUG=1",
					"$(inherited)",
				);
				GCC_WARN_64_TO_32_BIT_CONVERSION = YES;
				GCC_WARN_ABOUT_RETURN_TYPE = YES_ERROR;
				GCC_WARN_UNDECLARED_SELECTOR = YES;
				GCC_WARN_UNINITIALIZED_AUTOS = YES_AGGRESSIVE;
				GCC_WARN_UNUSED_FUNCTION = YES;
				GCC_WARN_UNUSED_VARIABLE = YES;
				IPHONEOS_DEPLOYMENT_TARGET = 12.1;
				MTL_ENABLE_DEBUG_INFO = INCLUDE_SOURCE;
				MTL_FAST_MATH = YES;
				ONLY_ACTIVE_ARCH = YES;
				SDKROOT = iphoneos;
				SWIFT_ACTIVE_COMPILATION_CONDITIONS = DEBUG;
				SWIFT_OPTIMIZATION_LEVEL = "-Onone";
			};
			name = Debug;
		};
		46DF91A02251FFC400DCB733 /* Release */ = {
			isa = XCBuildConfiguration;
			buildSettings = {
				ALWAYS_SEARCH_USER_PATHS = NO;
				CLANG_ANALYZER_NONNULL = YES;
				CLANG_ANALYZER_NUMBER_OBJECT_CONVERSION = YES_AGGRESSIVE;
				CLANG_CXX_LANGUAGE_STANDARD = "gnu++14";
				CLANG_CXX_LIBRARY = "libc++";
				CLANG_ENABLE_MODULES = YES;
				CLANG_ENABLE_OBJC_ARC = YES;
				CLANG_ENABLE_OBJC_WEAK = YES;
				CLANG_WARN_BLOCK_CAPTURE_AUTORELEASING = YES;
				CLANG_WARN_BOOL_CONVERSION = YES;
				CLANG_WARN_COMMA = YES;
				CLANG_WARN_CONSTANT_CONVERSION = YES;
				CLANG_WARN_DEPRECATED_OBJC_IMPLEMENTATIONS = YES;
				CLANG_WARN_DIRECT_OBJC_ISA_USAGE = YES_ERROR;
				CLANG_WARN_DOCUMENTATION_COMMENTS = YES;
				CLANG_WARN_EMPTY_BODY = YES;
				CLANG_WARN_ENUM_CONVERSION = YES;
				CLANG_WARN_INFINITE_RECURSION = YES;
				CLANG_WARN_INT_CONVERSION = YES;
				CLANG_WARN_NON_LITERAL_NULL_CONVERSION = YES;
				CLANG_WARN_OBJC_IMPLICIT_RETAIN_SELF = YES;
				CLANG_WARN_OBJC_LITERAL_CONVERSION = YES;
				CLANG_WARN_OBJC_ROOT_CLASS = YES_ERROR;
				CLANG_WARN_RANGE_LOOP_ANALYSIS = YES;
				CLANG_WARN_STRICT_PROTOTYPES = YES;
				CLANG_WARN_SUSPICIOUS_MOVE = YES;
				CLANG_WARN_UNGUARDED_AVAILABILITY = YES_AGGRESSIVE;
				CLANG_WARN_UNREACHABLE_CODE = YES;
				CLANG_WARN__DUPLICATE_METHOD_MATCH = YES;
				CODE_SIGN_IDENTITY = "iPhone Developer";
				COPY_PHASE_STRIP = NO;
				DEBUG_INFORMATION_FORMAT = "dwarf-with-dsym";
				ENABLE_NS_ASSERTIONS = NO;
				ENABLE_STRICT_OBJC_MSGSEND = YES;
				GCC_C_LANGUAGE_STANDARD = gnu11;
				GCC_NO_COMMON_BLOCKS = YES;
				GCC_WARN_64_TO_32_BIT_CONVERSION = YES;
				GCC_WARN_ABOUT_RETURN_TYPE = YES_ERROR;
				GCC_WARN_UNDECLARED_SELECTOR = YES;
				GCC_WARN_UNINITIALIZED_AUTOS = YES_AGGRESSIVE;
				GCC_WARN_UNUSED_FUNCTION = YES;
				GCC_WARN_UNUSED_VARIABLE = YES;
				IPHONEOS_DEPLOYMENT_TARGET = 12.1;
				MTL_ENABLE_DEBUG_INFO = NO;
				MTL_FAST_MATH = YES;
				SDKROOT = iphoneos;
				SWIFT_COMPILATION_MODE = wholemodule;
				SWIFT_OPTIMIZATION_LEVEL = "-O";
				VALIDATE_PRODUCT = YES;
			};
			name = Release;
		};
		46DF91A22251FFC400DCB733 /* Debug */ = {
			isa = XCBuildConfiguration;
			baseConfigurationReference = 0119AA13C4282754F5895BB1 /* Pods-ScratchDemo.debug.xcconfig */;
			buildSettings = {
				ASSETCATALOG_COMPILER_APPICON_NAME = AppIcon;
				CODE_SIGN_STYLE = Automatic;
				INFOPLIST_FILE = ScratchDemo/Info.plist;
				LD_RUNPATH_SEARCH_PATHS = (
					"$(inherited)",
					"@executable_path/Frameworks",
				);
				PRODUCT_BUNDLE_IDENTIFIER = skillLan.ScratchDemo;
				PRODUCT_NAME = "$(TARGET_NAME)";
				SWIFT_VERSION = 4.2;
				TARGETED_DEVICE_FAMILY = "1,2";
			};
			name = Debug;
		};
		46DF91A32251FFC400DCB733 /* Release */ = {
			isa = XCBuildConfiguration;
			baseConfigurationReference = 087649B645ACF246E469542F /* Pods-ScratchDemo.release.xcconfig */;
			buildSettings = {
				ASSETCATALOG_COMPILER_APPICON_NAME = AppIcon;
				CODE_SIGN_STYLE = Automatic;
				INFOPLIST_FILE = ScratchDemo/Info.plist;
				LD_RUNPATH_SEARCH_PATHS = (
					"$(inherited)",
					"@executable_path/Frameworks",
				);
				PRODUCT_BUNDLE_IDENTIFIER = skillLan.ScratchDemo;
				PRODUCT_NAME = "$(TARGET_NAME)";
				SWIFT_VERSION = 4.2;
				TARGETED_DEVICE_FAMILY = "1,2";
			};
			name = Release;
		};
		46DF91A52251FFC400DCB733 /* Debug */ = {
			isa = XCBuildConfiguration;
			buildSettings = {
				ALWAYS_EMBED_SWIFT_STANDARD_LIBRARIES = YES;
				BUNDLE_LOADER = "$(TEST_HOST)";
				CODE_SIGN_STYLE = Automatic;
				INFOPLIST_FILE = ScratchDemoTests/Info.plist;
				LD_RUNPATH_SEARCH_PATHS = (
					"$(inherited)",
					"@executable_path/Frameworks",
					"@loader_path/Frameworks",
				);
				PRODUCT_BUNDLE_IDENTIFIER = skillLan.ScratchDemoTests;
				PRODUCT_NAME = "$(TARGET_NAME)";
				SWIFT_VERSION = 4.2;
				TARGETED_DEVICE_FAMILY = "1,2";
				TEST_HOST = "$(BUILT_PRODUCTS_DIR)/ScratchDemo.app/ScratchDemo";
			};
			name = Debug;
		};
		46DF91A62251FFC400DCB733 /* Release */ = {
			isa = XCBuildConfiguration;
			buildSettings = {
				ALWAYS_EMBED_SWIFT_STANDARD_LIBRARIES = YES;
				BUNDLE_LOADER = "$(TEST_HOST)";
				CODE_SIGN_STYLE = Automatic;
				INFOPLIST_FILE = ScratchDemoTests/Info.plist;
				LD_RUNPATH_SEARCH_PATHS = (
					"$(inherited)",
					"@executable_path/Frameworks",
					"@loader_path/Frameworks",
				);
				PRODUCT_BUNDLE_IDENTIFIER = skillLan.ScratchDemoTests;
				PRODUCT_NAME = "$(TARGET_NAME)";
				SWIFT_VERSION = 4.2;
				TARGETED_DEVICE_FAMILY = "1,2";
				TEST_HOST = "$(BUILT_PRODUCTS_DIR)/ScratchDemo.app/ScratchDemo";
			};
			name = Release;
		};
		46DF91A82251FFC400DCB733 /* Debug */ = {
			isa = XCBuildConfiguration;
			buildSettings = {
				ALWAYS_EMBED_SWIFT_STANDARD_LIBRARIES = YES;
				CODE_SIGN_STYLE = Automatic;
				INFOPLIST_FILE = ScratchDemoUITests/Info.plist;
				LD_RUNPATH_SEARCH_PATHS = (
					"$(inherited)",
					"@executable_path/Frameworks",
					"@loader_path/Frameworks",
				);
				PRODUCT_BUNDLE_IDENTIFIER = skillLan.ScratchDemoUITests;
				PRODUCT_NAME = "$(TARGET_NAME)";
				SWIFT_VERSION = 4.2;
				TARGETED_DEVICE_FAMILY = "1,2";
				TEST_TARGET_NAME = ScratchDemo;
			};
			name = Debug;
		};
		46DF91A92251FFC400DCB733 /* Release */ = {
			isa = XCBuildConfiguration;
			buildSettings = {
				ALWAYS_EMBED_SWIFT_STANDARD_LIBRARIES = YES;
				CODE_SIGN_STYLE = Automatic;
				INFOPLIST_FILE = ScratchDemoUITests/Info.plist;
				LD_RUNPATH_SEARCH_PATHS = (
					"$(inherited)",
					"@executable_path/Frameworks",
					"@loader_path/Frameworks",
				);
				PRODUCT_BUNDLE_IDENTIFIER = skillLan.ScratchDemoUITests;
				PRODUCT_NAME = "$(TARGET_NAME)";
				SWIFT_VERSION = 4.2;
				TARGETED_DEVICE_FAMILY = "1,2";
				TEST_TARGET_NAME = ScratchDemo;
			};
			name = Release;
		};
/* End XCBuildConfiguration section */

/* Begin XCConfigurationList section */
		46DF91742251FFC200DCB733 /* Build configuration list for PBXProject "ScratchDemo" */ = {
			isa = XCConfigurationList;
			buildConfigurations = (
				46DF919F2251FFC400DCB733 /* Debug */,
				46DF91A02251FFC400DCB733 /* Release */,
			);
			defaultConfigurationIsVisible = 0;
			defaultConfigurationName = Release;
		};
		46DF91A12251FFC400DCB733 /* Build configuration list for PBXNativeTarget "ScratchDemo" */ = {
			isa = XCConfigurationList;
			buildConfigurations = (
				46DF91A22251FFC400DCB733 /* Debug */,
				46DF91A32251FFC400DCB733 /* Release */,
			);
			defaultConfigurationIsVisible = 0;
			defaultConfigurationName = Release;
		};
		46DF91A42251FFC400DCB733 /* Build configuration list for PBXNativeTarget "ScratchDemoTests" */ = {
			isa = XCConfigurationList;
			buildConfigurations = (
				46DF91A52251FFC400DCB733 /* Debug */,
				46DF91A62251FFC400DCB733 /* Release */,
			);
			defaultConfigurationIsVisible = 0;
			defaultConfigurationName = Release;
		};
		46DF91A72251FFC400DCB733 /* Build configuration list for PBXNativeTarget "ScratchDemoUITests" */ = {
			isa = XCConfigurationList;
			buildConfigurations = (
				46DF91A82251FFC400DCB733 /* Debug */,
				46DF91A92251FFC400DCB733 /* Release */,
			);
			defaultConfigurationIsVisible = 0;
			defaultConfigurationName = Release;
		};
/* End XCConfigurationList section */
	};
	rootObject = 46DF91712251FFC200DCB733 /* Project object */;
}
